
Microsoft Visual Studio Solution File, Format Version 12.00
# Visual Studio Version 17
VisualStudioVersion = 17.1.32414.318
MinimumVisualStudioVersion = 10.0.40219.1
Project("{FAE04EC0-301F-11D3-BF4B-00C04F79EFBC}") = "RedSocial.Api", "RedSocial.Api\RedSocial.Api.csproj", "{12EF7F7D-15D4-44D9-B8F4-A25D9D8559F8}"
EndProject
Project("{FAE04EC0-301F-11D3-BF4B-00C04F79EFBC}") = "RedSocial.Dominio", "RedSocial.Dominio\RedSocial.Dominio.csproj", "{621F3969-49A7-448C-BB7D-5685A0335D06}"
EndProject
Global
	GlobalSection(SolutionConfigurationPlatforms) = preSolution
		Debug|Any CPU = Debug|Any CPU
		Release|Any CPU = Release|Any CPU
	EndGlobalSection
	GlobalSection(ProjectConfigurationPlatforms) = postSolution
		{12EF7F7D-15D4-44D9-B8F4-A25D9D8559F8}.Debug|Any CPU.ActiveCfg = Debug|Any CPU
		{12EF7F7D-15D4-44D9-B8F4-A25D9D8559F8}.Debug|Any CPU.Build.0 = Debug|Any CPU
		{12EF7F7D-15D4-44D9-B8F4-A25D9D8559F8}.Release|Any CPU.ActiveCfg = Release|Any CPU
		{12EF7F7D-15D4-44D9-B8F4-A25D9D8559F8}.Release|Any CPU.Build.0 = Release|Any CPU
		{621F3969-49A7-448C-BB7D-5685A0335D06}.Debug|Any CPU.ActiveCfg = Debug|Any CPU
		{621F3969-49A7-448C-BB7D-5685A0335D06}.Debug|Any CPU.Build.0 = Debug|Any CPU
		{621F3969-49A7-448C-BB7D-5685A0335D06}.Release|Any CPU.ActiveCfg = Release|Any CPU
		{621F3969-49A7-448C-BB7D-5685A0335D06}.Release|Any CPU.Build.0 = Release|Any CPU
	EndGlobalSection
	GlobalSection(SolutionProperties) = preSolution
		HideSolutionNode = FALSE
	EndGlobalSection
	GlobalSection(ExtensibilityGlobals) = postSolution
		SolutionGuid = {F0FC23E8-614D-4841-A628-5346C6358FAC}
	EndGlobalSection
EndGlobal
